
Microsoft Visual Studio Solution File, Format Version 12.00
# Visual Studio Version 16
VisualStudioVersion = 16.0.28315.86
MinimumVisualStudioVersion = 10.0.40219.1
Project("{2150E333-8FDC-42A3-9474-1A3956D46DE8}") = "Engine", "Engine", "{853FD938-90E2-44E9-8BB2-AC73B20A168B}"
EndProject
Project("{2150E333-8FDC-42A3-9474-1A3956D46DE8}") = "Games", "Games", "{26341D5A-0C8E-4F73-9EB0-C9399EBC77D2}"
EndProject
Project("{8BC9CEB8-8B4A-11D0-8D11-00A0C91BC942}") = "UE4", "Intermediate\ProjectFiles\UE4.vcxproj", "{4AA55C96-41C4-412D-9510-6DC1E93075CF}"
EndProject
Project("{8BC9CEB8-8B4A-11D0-8D11-00A0C91BC942}") = "Chase", "Intermediate\ProjectFiles\Chase.vcxproj", "{46F3E698-3DEF-4F25-8D81-649505777691}"
EndProject
Project("{2150E333-8FDC-42A3-9474-1A3956D46DE8}") = "Visualizers", "Visualizers", "{206A2305-F8C9-497E-A7A2-B6B279748E46}"
	ProjectSection(SolutionItems) = preProject
		..\..\..\Desktop\UE_4.24\Engine\Extras\VisualStudioDebugging\UE4.natvis = ..\..\..\Desktop\UE_4.24\Engine\Extras\VisualStudioDebugging\UE4.natvis
	EndProjectSection
EndProject
Global
	GlobalSection(SolutionConfigurationPlatforms) = preSolution
		DebugGame Editor|Win32 = DebugGame Editor|Win32
		DebugGame Editor|Win64 = DebugGame Editor|Win64
		DebugGame|Win32 = DebugGame|Win32
		DebugGame|Win64 = DebugGame|Win64
		Development Editor|Win32 = Development Editor|Win32
		Development Editor|Win64 = Development Editor|Win64
		Development|Win32 = Development|Win32
		Development|Win64 = Development|Win64
		Shipping|Win32 = Shipping|Win32
		Shipping|Win64 = Shipping|Win64
	EndGlobalSection
	GlobalSection(ProjectConfigurationPlatforms) = postSolution
		{4AA55C96-41C4-412D-9510-6DC1E93075CF}.DebugGame Editor|Win32.ActiveCfg = BuiltWithUnrealBuildTool|Win32
		{4AA55C96-41C4-412D-9510-6DC1E93075CF}.DebugGame Editor|Win64.ActiveCfg = BuiltWithUnrealBuildTool|Win32
		{4AA55C96-41C4-412D-9510-6DC1E93075CF}.DebugGame|Win32.ActiveCfg = BuiltWithUnrealBuildTool|Win32
		{4AA55C96-41C4-412D-9510-6DC1E93075CF}.DebugGame|Win64.ActiveCfg = BuiltWithUnrealBuildTool|Win32
		{4AA55C96-41C4-412D-9510-6DC1E93075CF}.Development Editor|Win32.ActiveCfg = BuiltWithUnrealBuildTool|Win32
		{4AA55C96-41C4-412D-9510-6DC1E93075CF}.Development Editor|Win64.ActiveCfg = BuiltWithUnrealBuildTool|Win32
		{4AA55C96-41C4-412D-9510-6DC1E93075CF}.Development|Win32.ActiveCfg = BuiltWithUnrealBuildTool|Win32
		{4AA55C96-41C4-412D-9510-6DC1E93075CF}.Development|Win64.ActiveCfg = BuiltWithUnrealBuildTool|Win32
		{4AA55C96-41C4-412D-9510-6DC1E93075CF}.Shipping|Win32.ActiveCfg = BuiltWithUnrealBuildTool|Win32
		{4AA55C96-41C4-412D-9510-6DC1E93075CF}.Shipping|Win64.ActiveCfg = BuiltWithUnrealBuildTool|Win32
		{46F3E698-3DEF-4F25-8D81-649505777691}.DebugGame Editor|Win32.ActiveCfg = Invalid|Win32
		{46F3E698-3DEF-4F25-8D81-649505777691}.DebugGame Editor|Win64.ActiveCfg = DebugGame_Editor|x64
		{46F3E698-3DEF-4F25-8D81-649505777691}.DebugGame Editor|Win64.Build.0 = DebugGame_Editor|x64
		{46F3E698-3DEF-4F25-8D81-649505777691}.DebugGame|Win32.ActiveCfg = DebugGame|Win32
		{46F3E698-3DEF-4F25-8D81-649505777691}.DebugGame|Win32.Build.0 = DebugGame|Win32
		{46F3E698-3DEF-4F25-8D81-649505777691}.DebugGame|Win64.ActiveCfg = DebugGame|x64
		{46F3E698-3DEF-4F25-8D81-649505777691}.DebugGame|Win64.Build.0 = DebugGame|x64
		{46F3E698-3DEF-4F25-8D81-649505777691}.Development Editor|Win32.ActiveCfg = Invalid|Win32
		{46F3E698-3DEF-4F25-8D81-649505777691}.Development Editor|Win64.ActiveCfg = Development_Editor|x64
		{46F3E698-3DEF-4F25-8D81-649505777691}.Development Editor|Win64.Build.0 = Development_Editor|x64
		{46F3E698-3DEF-4F25-8D81-649505777691}.Development|Win32.ActiveCfg = Development|Win32
		{46F3E698-3DEF-4F25-8D81-649505777691}.Development|Win32.Build.0 = Development|Win32
		{46F3E698-3DEF-4F25-8D81-649505777691}.Development|Win64.ActiveCfg = Development|x64
		{46F3E698-3DEF-4F25-8D81-649505777691}.Development|Win64.Build.0 = Development|x64
		{46F3E698-3DEF-4F25-8D81-649505777691}.Shipping|Win32.ActiveCfg = Shipping|Win32
		{46F3E698-3DEF-4F25-8D81-649505777691}.Shipping|Win32.Build.0 = Shipping|Win32
		{46F3E698-3DEF-4F25-8D81-649505777691}.Shipping|Win64.ActiveCfg = Shipping|x64
		{46F3E698-3DEF-4F25-8D81-649505777691}.Shipping|Win64.Build.0 = Shipping|x64
	EndGlobalSection
	GlobalSection(SolutionProperties) = preSolution
		HideSolutionNode = FALSE
	EndGlobalSection
	GlobalSection(NestedProjects) = preSolution
		{4AA55C96-41C4-412D-9510-6DC1E93075CF} = {853FD938-90E2-44E9-8BB2-AC73B20A168B}
		{46F3E698-3DEF-4F25-8D81-649505777691} = {26341D5A-0C8E-4F73-9EB0-C9399EBC77D2}
	EndGlobalSection
EndGlobal
