
Microsoft Visual Studio Solution File, Format Version 12.00
# Visual Studio Version 16
VisualStudioVersion = 16.0.28315.86
MinimumVisualStudioVersion = 10.0.40219.1
Project("{2150E333-8FDC-42A3-9474-1A3956D46DE8}") = "Engine", "Engine", "{10488193-B1CD-45A0-8913-A98F339605C4}"
EndProject
Project("{2150E333-8FDC-42A3-9474-1A3956D46DE8}") = "Games", "Games", "{E58B74A2-3647-426B-9C6A-2911EE1207C0}"
EndProject
Project("{8BC9CEB8-8B4A-11D0-8D11-00A0C91BC942}") = "Chase", "Intermediate\ProjectFiles\Chase.vcxproj", "{A81CBA3E-EC5A-4121-990D-DB742ED2B101}"
EndProject
Project("{8BC9CEB8-8B4A-11D0-8D11-00A0C91BC942}") = "UE4", "Intermediate\ProjectFiles\UE4.vcxproj", "{36F86481-EB82-4048-82D0-03686CAF75FC}"
EndProject
Project("{2150E333-8FDC-42A3-9474-1A3956D46DE8}") = "Visualizers", "Visualizers", "{101E1815-CD29-4B49-9074-8BA417E1979B}"
	ProjectSection(SolutionItems) = preProject
		..\..\..\UE_4.24\Engine\Extras\VisualStudioDebugging\UE4.natvis = ..\..\..\UE_4.24\Engine\Extras\VisualStudioDebugging\UE4.natvis
	EndProjectSection
EndProject
Global
	GlobalSection(SolutionConfigurationPlatforms) = preSolution
		DebugGame Editor|Win32 = DebugGame Editor|Win32
		DebugGame Editor|Win64 = DebugGame Editor|Win64
		DebugGame|Win32 = DebugGame|Win32
		DebugGame|Win64 = DebugGame|Win64
		Development Editor|Win32 = Development Editor|Win32
		Development Editor|Win64 = Development Editor|Win64
		Development|Win32 = Development|Win32
		Development|Win64 = Development|Win64
		Shipping|Win32 = Shipping|Win32
		Shipping|Win64 = Shipping|Win64
	EndGlobalSection
	GlobalSection(ProjectConfigurationPlatforms) = postSolution
		{A81CBA3E-EC5A-4121-990D-DB742ED2B101}.DebugGame Editor|Win32.ActiveCfg = Invalid|Win32
		{A81CBA3E-EC5A-4121-990D-DB742ED2B101}.DebugGame Editor|Win64.ActiveCfg = DebugGame_Editor|x64
		{A81CBA3E-EC5A-4121-990D-DB742ED2B101}.DebugGame Editor|Win64.Build.0 = DebugGame_Editor|x64
		{A81CBA3E-EC5A-4121-990D-DB742ED2B101}.DebugGame|Win32.ActiveCfg = DebugGame|Win32
		{A81CBA3E-EC5A-4121-990D-DB742ED2B101}.DebugGame|Win32.Build.0 = DebugGame|Win32
		{A81CBA3E-EC5A-4121-990D-DB742ED2B101}.DebugGame|Win64.ActiveCfg = DebugGame|x64
		{A81CBA3E-EC5A-4121-990D-DB742ED2B101}.DebugGame|Win64.Build.0 = DebugGame|x64
		{A81CBA3E-EC5A-4121-990D-DB742ED2B101}.Development Editor|Win32.ActiveCfg = Invalid|Win32
		{A81CBA3E-EC5A-4121-990D-DB742ED2B101}.Development Editor|Win64.ActiveCfg = Development_Editor|x64
		{A81CBA3E-EC5A-4121-990D-DB742ED2B101}.Development Editor|Win64.Build.0 = Development_Editor|x64
		{A81CBA3E-EC5A-4121-990D-DB742ED2B101}.Development|Win32.ActiveCfg = Development|Win32
		{A81CBA3E-EC5A-4121-990D-DB742ED2B101}.Development|Win32.Build.0 = Development|Win32
		{A81CBA3E-EC5A-4121-990D-DB742ED2B101}.Development|Win64.ActiveCfg = Development|x64
		{A81CBA3E-EC5A-4121-990D-DB742ED2B101}.Development|Win64.Build.0 = Development|x64
		{A81CBA3E-EC5A-4121-990D-DB742ED2B101}.Shipping|Win32.ActiveCfg = Shipping|Win32
		{A81CBA3E-EC5A-4121-990D-DB742ED2B101}.Shipping|Win32.Build.0 = Shipping|Win32
		{A81CBA3E-EC5A-4121-990D-DB742ED2B101}.Shipping|Win64.ActiveCfg = Shipping|x64
		{A81CBA3E-EC5A-4121-990D-DB742ED2B101}.Shipping|Win64.Build.0 = Shipping|x64
		{36F86481-EB82-4048-82D0-03686CAF75FC}.DebugGame Editor|Win32.ActiveCfg = BuiltWithUnrealBuildTool|Win32
		{36F86481-EB82-4048-82D0-03686CAF75FC}.DebugGame Editor|Win64.ActiveCfg = BuiltWithUnrealBuildTool|Win32
		{36F86481-EB82-4048-82D0-03686CAF75FC}.DebugGame|Win32.ActiveCfg = BuiltWithUnrealBuildTool|Win32
		{36F86481-EB82-4048-82D0-03686CAF75FC}.DebugGame|Win64.ActiveCfg = BuiltWithUnrealBuildTool|Win32
		{36F86481-EB82-4048-82D0-03686CAF75FC}.Development Editor|Win32.ActiveCfg = BuiltWithUnrealBuildTool|Win32
		{36F86481-EB82-4048-82D0-03686CAF75FC}.Development Editor|Win64.ActiveCfg = BuiltWithUnrealBuildTool|Win32
		{36F86481-EB82-4048-82D0-03686CAF75FC}.Development|Win32.ActiveCfg = BuiltWithUnrealBuildTool|Win32
		{36F86481-EB82-4048-82D0-03686CAF75FC}.Development|Win64.ActiveCfg = BuiltWithUnrealBuildTool|Win32
		{36F86481-EB82-4048-82D0-03686CAF75FC}.Shipping|Win32.ActiveCfg = BuiltWithUnrealBuildTool|Win32
		{36F86481-EB82-4048-82D0-03686CAF75FC}.Shipping|Win64.ActiveCfg = BuiltWithUnrealBuildTool|Win32
	EndGlobalSection
	GlobalSection(SolutionProperties) = preSolution
		HideSolutionNode = FALSE
	EndGlobalSection
	GlobalSection(NestedProjects) = preSolution
		{36F86481-EB82-4048-82D0-03686CAF75FC} = {10488193-B1CD-45A0-8913-A98F339605C4}
		{A81CBA3E-EC5A-4121-990D-DB742ED2B101} = {E58B74A2-3647-426B-9C6A-2911EE1207C0}
	EndGlobalSection
EndGlobal
